
Microsoft Visual Studio Solution File, Format Version 12.00
# Visual Studio Version 17
VisualStudioVersion = 17.13.35806.99 d17.13
MinimumVisualStudioVersion = 10.0.40219.1
Project("{FAE04EC0-301F-11D3-BF4B-00C04F79EFBC}") = "Jarvis", "Jarvis\Jarvis.csproj", "{99E99DCA-1799-495D-954A-5195B5ECAE4C}"
EndProject
Global
	GlobalSection(SolutionConfigurationPlatforms) = preSolution
		Debug|Any CPU = Debug|Any CPU
		Release|Any CPU = Release|Any CPU
	EndGlobalSection
	GlobalSection(ProjectConfigurationPlatforms) = postSolution
		{99E99DCA-1799-495D-954A-5195B5ECAE4C}.Debug|Any CPU.ActiveCfg = Debug|Any CPU
		{99E99DCA-1799-495D-954A-5195B5ECAE4C}.Debug|Any CPU.Build.0 = Debug|Any CPU
		{99E99DCA-1799-495D-954A-5195B5ECAE4C}.Release|Any CPU.ActiveCfg = Release|Any CPU
		{99E99DCA-1799-495D-954A-5195B5ECAE4C}.Release|Any CPU.Build.0 = Release|Any CPU
	EndGlobalSection
	GlobalSection(SolutionProperties) = preSolution
		HideSolutionNode = FALSE
	EndGlobalSection
	GlobalSection(ExtensibilityGlobals) = postSolution
		SolutionGuid = {7640FE3D-A6AC-47D8-933B-C3A3A6D71696}
	EndGlobalSection
EndGlobal
